
Microsoft Visual Studio Solution File, Format Version 12.00
# Visual Studio Version 16
VisualStudioVersion = 16.0.32413.511
MinimumVisualStudioVersion = 10.0.40219.1
Project("{FAE04EC0-301F-11D3-BF4B-00C04F79EFBC}") = "PartialAndAreas", "PartialAndAreas\PartialAndAreas.csproj", "{C5E05011-5D1C-443F-BA7D-3289FB536A23}"
EndProject
Global
	GlobalSection(SolutionConfigurationPlatforms) = preSolution
		Debug|Any CPU = Debug|Any CPU
		Release|Any CPU = Release|Any CPU
	EndGlobalSection
	GlobalSection(ProjectConfigurationPlatforms) = postSolution
		{C5E05011-5D1C-443F-BA7D-3289FB536A23}.Debug|Any CPU.ActiveCfg = Debug|Any CPU
		{C5E05011-5D1C-443F-BA7D-3289FB536A23}.Debug|Any CPU.Build.0 = Debug|Any CPU
		{C5E05011-5D1C-443F-BA7D-3289FB536A23}.Release|Any CPU.ActiveCfg = Release|Any CPU
		{C5E05011-5D1C-443F-BA7D-3289FB536A23}.Release|Any CPU.Build.0 = Release|Any CPU
	EndGlobalSection
	GlobalSection(SolutionProperties) = preSolution
		HideSolutionNode = FALSE
	EndGlobalSection
	GlobalSection(ExtensibilityGlobals) = postSolution
		SolutionGuid = {FF4FC594-6DCA-4F76-9342-785ACB43869D}
	EndGlobalSection
EndGlobal
