
Microsoft Visual Studio Solution File, Format Version 12.00
# Visual Studio Version 16
VisualStudioVersion = 16.0.32413.511
MinimumVisualStudioVersion = 10.0.40219.1
Project("{FAE04EC0-301F-11D3-BF4B-00C04F79EFBC}") = "Modalpopup", "Modalpopup\Modalpopup.csproj", "{6911A211-7ABB-404C-A71D-2F89D1CA4127}"
EndProject
Global
	GlobalSection(SolutionConfigurationPlatforms) = preSolution
		Debug|Any CPU = Debug|Any CPU
		Release|Any CPU = Release|Any CPU
	EndGlobalSection
	GlobalSection(ProjectConfigurationPlatforms) = postSolution
		{6911A211-7ABB-404C-A71D-2F89D1CA4127}.Debug|Any CPU.ActiveCfg = Debug|Any CPU
		{6911A211-7ABB-404C-A71D-2F89D1CA4127}.Debug|Any CPU.Build.0 = Debug|Any CPU
		{6911A211-7ABB-404C-A71D-2F89D1CA4127}.Release|Any CPU.ActiveCfg = Release|Any CPU
		{6911A211-7ABB-404C-A71D-2F89D1CA4127}.Release|Any CPU.Build.0 = Release|Any CPU
	EndGlobalSection
	GlobalSection(SolutionProperties) = preSolution
		HideSolutionNode = FALSE
	EndGlobalSection
	GlobalSection(ExtensibilityGlobals) = postSolution
		SolutionGuid = {EA1B6FE8-93E8-4E01-888B-9F86F178C541}
	EndGlobalSection
EndGlobal
