
Microsoft Visual Studio Solution File, Format Version 12.00
# Visual Studio Version 16
VisualStudioVersion = 16.0.32413.511
MinimumVisualStudioVersion = 10.0.40219.1
Project("{FAE04EC0-301F-11D3-BF4B-00C04F79EFBC}") = "WebApiCreate", "WebApiCreate\WebApiCreate.csproj", "{6AEDEE92-B852-41DB-ADD8-05F83FD0F698}"
EndProject
Global
	GlobalSection(SolutionConfigurationPlatforms) = preSolution
		Debug|Any CPU = Debug|Any CPU
		Release|Any CPU = Release|Any CPU
	EndGlobalSection
	GlobalSection(ProjectConfigurationPlatforms) = postSolution
		{6AEDEE92-B852-41DB-ADD8-05F83FD0F698}.Debug|Any CPU.ActiveCfg = Debug|Any CPU
		{6AEDEE92-B852-41DB-ADD8-05F83FD0F698}.Debug|Any CPU.Build.0 = Debug|Any CPU
		{6AEDEE92-B852-41DB-ADD8-05F83FD0F698}.Release|Any CPU.ActiveCfg = Release|Any CPU
		{6AEDEE92-B852-41DB-ADD8-05F83FD0F698}.Release|Any CPU.Build.0 = Release|Any CPU
	EndGlobalSection
	GlobalSection(SolutionProperties) = preSolution
		HideSolutionNode = FALSE
	EndGlobalSection
	GlobalSection(ExtensibilityGlobals) = postSolution
		SolutionGuid = {91642447-B5EE-4F02-AC5F-6A2223703024}
	EndGlobalSection
EndGlobal
